
Microsoft Visual Studio Solution File, Format Version 12.00
# Visual Studio Version 17
VisualStudioVersion = 17.5.002.0
MinimumVisualStudioVersion = 10.0.40219.1
Project("{2150E333-8FDC-42A3-9474-1A3956D46DE8}") = "sam-app", "sam-app", "{09952C4F-BC43-4BA5-A03C-F2B9C823810E}"
EndProject
Project("{2150E333-8FDC-42A3-9474-1A3956D46DE8}") = "test", "test", "{D6A603F5-BEF2-4E70-8BB6-817347F925FB}"
EndProject
Project("{9A19103F-16F7-4668-BE54-9A1E7A4F7556}") = "HelloWorldAot.Tests", "sam-app\test\HelloWorldAot.Test\HelloWorldAot.Tests.csproj", "{5C8C3061-2C87-4E8C-8B44-33D08A02355B}"
EndProject
Project("{2150E333-8FDC-42A3-9474-1A3956D46DE8}") = "src", "src", "{65E842C5-5091-4824-AAEE-03BAE04F42CB}"
EndProject
Project("{9A19103F-16F7-4668-BE54-9A1E7A4F7556}") = "HelloWorldAot", "sam-app\src\HelloWorldAot\HelloWorldAot.csproj", "{54193161-0B4E-4D83-91D4-60120A681BE6}"
EndProject
Global
	GlobalSection(SolutionConfigurationPlatforms) = preSolution
		Debug|Any CPU = Debug|Any CPU
		Release|Any CPU = Release|Any CPU
	EndGlobalSection
	GlobalSection(ProjectConfigurationPlatforms) = postSolution
		{5C8C3061-2C87-4E8C-8B44-33D08A02355B}.Debug|Any CPU.ActiveCfg = Debug|Any CPU
		{5C8C3061-2C87-4E8C-8B44-33D08A02355B}.Debug|Any CPU.Build.0 = Debug|Any CPU
		{5C8C3061-2C87-4E8C-8B44-33D08A02355B}.Release|Any CPU.ActiveCfg = Release|Any CPU
		{5C8C3061-2C87-4E8C-8B44-33D08A02355B}.Release|Any CPU.Build.0 = Release|Any CPU
		{54193161-0B4E-4D83-91D4-60120A681BE6}.Debug|Any CPU.ActiveCfg = Debug|Any CPU
		{54193161-0B4E-4D83-91D4-60120A681BE6}.Debug|Any CPU.Build.0 = Debug|Any CPU
		{54193161-0B4E-4D83-91D4-60120A681BE6}.Release|Any CPU.ActiveCfg = Release|Any CPU
		{54193161-0B4E-4D83-91D4-60120A681BE6}.Release|Any CPU.Build.0 = Release|Any CPU
	EndGlobalSection
	GlobalSection(SolutionProperties) = preSolution
		HideSolutionNode = FALSE
	EndGlobalSection
	GlobalSection(NestedProjects) = preSolution
		{D6A603F5-BEF2-4E70-8BB6-817347F925FB} = {09952C4F-BC43-4BA5-A03C-F2B9C823810E}
		{5C8C3061-2C87-4E8C-8B44-33D08A02355B} = {D6A603F5-BEF2-4E70-8BB6-817347F925FB}
		{65E842C5-5091-4824-AAEE-03BAE04F42CB} = {09952C4F-BC43-4BA5-A03C-F2B9C823810E}
		{54193161-0B4E-4D83-91D4-60120A681BE6} = {65E842C5-5091-4824-AAEE-03BAE04F42CB}
	EndGlobalSection
	GlobalSection(ExtensibilityGlobals) = postSolution
		SolutionGuid = {C20CFE16-AA64-42C9-8BDB-5D6A54055CA7}
	EndGlobalSection
EndGlobal
